
Microsoft Visual Studio Solution File, Format Version 12.00
# Visual Studio Version 17
VisualStudioVersion = 17.7.34202.233
MinimumVisualStudioVersion = 10.0.40219.1
Project("{9A19103F-16F7-4668-BE54-9A1E7A4F7556}") = "TibberBot", "TibberBot\TibberBot.csproj", "{FA83ACF0-B147-4BC6-9445-9062975FCFFF}"
EndProject
Project("{FAE04EC0-301F-11D3-BF4B-00C04F79EFBC}") = "TibberBotTests", "TibberBotTests\TibberBotTests.csproj", "{E3B4067C-99D4-4D21-9331-CBF8BF5E3743}"
EndProject
Global
	GlobalSection(SolutionConfigurationPlatforms) = preSolution
		Debug|Any CPU = Debug|Any CPU
		Release|Any CPU = Release|Any CPU
	EndGlobalSection
	GlobalSection(ProjectConfigurationPlatforms) = postSolution
		{FA83ACF0-B147-4BC6-9445-9062975FCFFF}.Debug|Any CPU.ActiveCfg = Debug|Any CPU
		{FA83ACF0-B147-4BC6-9445-9062975FCFFF}.Debug|Any CPU.Build.0 = Debug|Any CPU
		{FA83ACF0-B147-4BC6-9445-9062975FCFFF}.Release|Any CPU.ActiveCfg = Release|Any CPU
		{FA83ACF0-B147-4BC6-9445-9062975FCFFF}.Release|Any CPU.Build.0 = Release|Any CPU
		{E3B4067C-99D4-4D21-9331-CBF8BF5E3743}.Debug|Any CPU.ActiveCfg = Debug|Any CPU
		{E3B4067C-99D4-4D21-9331-CBF8BF5E3743}.Debug|Any CPU.Build.0 = Debug|Any CPU
		{E3B4067C-99D4-4D21-9331-CBF8BF5E3743}.Release|Any CPU.ActiveCfg = Release|Any CPU
		{E3B4067C-99D4-4D21-9331-CBF8BF5E3743}.Release|Any CPU.Build.0 = Release|Any CPU
	EndGlobalSection
	GlobalSection(SolutionProperties) = preSolution
		HideSolutionNode = FALSE
	EndGlobalSection
	GlobalSection(ExtensibilityGlobals) = postSolution
		SolutionGuid = {F2E99B51-267F-48FA-A33A-A50AE52D0099}
	EndGlobalSection
EndGlobal
